// !$*UTF8*$!
{
	archiveVersion = 1;
	classes = {
	};
	objectVersion = 46;
	objects = {

/* Begin PBXBuildFile section */
		FF11CBC01FA7D0B20009599F /* AppDelegate.swift in Sources */ = {isa = PBXBuildFile; fileRef = FF11CBBF1FA7D0B20009599F /* AppDelegate.swift */; };
		FF11CBC21FA7D0B20009599F /* ViewController.swift in Sources */ = {isa = PBXBuildFile; fileRef = FF11CBC11FA7D0B20009599F /* ViewController.swift */; };
		FF11CBC51FA7D0B20009599F /* Main.storyboard in Resources */ = {isa = PBXBuildFile; fileRef = FF11CBC31FA7D0B20009599F /* Main.storyboard */; };
		FF11CBC71FA7D0B20009599F /* Assets.xcassets in Resources */ = {isa = PBXBuildFile; fileRef = FF11CBC61FA7D0B20009599F /* Assets.xcassets */; };
		FF11CBCA1FA7D0B20009599F /* LaunchScreen.storyboard in Resources */ = {isa = PBXBuildFile; fileRef = FF11CBC81FA7D0B20009599F /* LaunchScreen.storyboard */; };
/* End PBXBuildFile section */

/* Begin PBXFileReference section */
		FF11CBBC1FA7D0B20009599F /* CoreGraphics.app */ = {isa = PBXFileReference; explicitFileType = wrapper.application; includeInIndex = 0; path = CoreGraphics.app; sourceTree = BUILT_PRODUCTS_DIR; };
		FF11CBBF1FA7D0B20009599F /* AppDelegate.swift */ = {isa = PBXFileReference; lastKnownFileType = sourcecode.swift; path = AppDelegate.swift; sourceTree = "<group>"; };
		FF11CBC11FA7D0B20009599F /* ViewController.swift */ = {isa = PBXFileReference; lastKnownFileType = sourcecode.swift; path = ViewController.swift; sourceTree = "<group>"; };
		FF11CBC41FA7D0B20009599F /* Base */ = {isa = PBXFileReference; lastKnownFileType = file.storyboard; name = Base; path = Base.lproj/Main.storyboard; sourceTree = "<group>"; };
		FF11CBC61FA7D0B20009599F /* Assets.xcassets */ = {isa = PBXFileReference; lastKnownFileType = folder.assetcatalog; path = Assets.xcassets; sourceTree = "<group>"; };
		FF11CBC91FA7D0B20009599F /* Base */ = {isa = PBXFileReference; lastKnownFileType = file.storyboard; name = Base; path = Base.lproj/LaunchScreen.storyboard; sourceTree = "<group>"; };
		FF11CBCB1FA7D0B20009599F /* Info.plist */ = {isa = PBXFileReference; lastKnownFileType = text.plist.xml; path = Info.plist; sourceTree = "<group>"; };
/* End PBXFileReference section */

/* Begin PBXFrameworksBuildPhase section */
		FF11CBB91FA7D0B20009599F /* Frameworks */ = {
			isa = PBXFrameworksBuildPhase;
			buildActionMask = 2147483647;
			files = (
			);
			runOnlyForDeploymentPostprocessing = 0;
		};
/* End PBXFrameworksBuildPhase section */

/* Begin PBXGroup section */
		FF11CBB31FA7D0B20009599F = {
			isa = PBXGroup;
			children = (
				FF11CBBE1FA7D0B20009599F /* CoreGraphics */,
				FF11CBBD1FA7D0B20009599F /* Products */,
			);
			sourceTree = "<group>";
		};
		FF11CBBD1FA7D0B20009599F /* Products */ = {
			isa = PBXGroup;
			children = (
				FF11CBBC1FA7D0B20009599F /* CoreGraphics.app */,
			);
			name = Products;
			sourceTree = "<group>";
		};
		FF11CBBE1FA7D0B20009599F /* CoreGraphics */ = {
			isa = PBXGroup;
			children = (
				FF11CBBF1FA7D0B20009599F /* AppDelegate.swift */,
				FF11CBC11FA7D0B20009599F /* ViewController.swift */,
				FF11CBC31FA7D0B20009599F /* Main.storyboard */,
				FF11CBC61FA7D0B20009599F /* Assets.xcassets */,
				FF11CBC81FA7D0B20009599F /* LaunchScreen.storyboard */,
				FF11CBCB1FA7D0B20009599F /* Info.plist */,
			);
			path = CoreGraphics;
			sourceTree = "<group>";
		};
/* End PBXGroup section */

/* Begin PBXNativeTarget section */
		FF11CBBB1FA7D0B20009599F /* CoreGraphics */ = {
			isa = PBXNativeTarget;
			buildConfigurationList = FF11CBCE1FA7D0B20009599F /* Build configuration list for PBXNativeTarget "CoreGraphics" */;
			buildPhases = (
				FF11CBB81FA7D0B20009599F /* Sources */,
				FF11CBB91FA7D0B20009599F /* Frameworks */,
				FF11CBBA1FA7D0B20009599F /* Resources */,
			);
			buildRules = (
			);
			dependencies = (
			);
			name = CoreGraphics;
			productName = CoreGraphics;
			productReference = FF11CBBC1FA7D0B20009599F /* CoreGraphics.app */;
			productType = "com.apple.product-type.application";
		};
/* End PBXNativeTarget section */

/* Begin PBXProject section */
		FF11CBB41FA7D0B20009599F /* Project object */ = {
			isa = PBXProject;
			attributes = {
				LastSwiftUpdateCheck = 0830;
				LastUpgradeCheck = 0830;
				ORGANIZATIONNAME = "Israel Martinez";
				TargetAttributes = {
					FF11CBBB1FA7D0B20009599F = {
						CreatedOnToolsVersion = 8.3.3;
						DevelopmentTeam = T87YP8R596;
						ProvisioningStyle = Automatic;
					};
				};
			};
			buildConfigurationList = FF11CBB71FA7D0B20009599F /* Build configuration list for PBXProject "CoreGraphics" */;
			compatibilityVersion = "Xcode 3.2";
			developmentRegion = English;
			hasScannedForEncodings = 0;
			knownRegions = (
				en,
				Base,
			);
			mainGroup = FF11CBB31FA7D0B20009599F;
			productRefGroup = FF11CBBD1FA7D0B20009599F /* Products */;
			projectDirPath = "";
			projectRoot = "";
			targets = (
				FF11CBBB1FA7D0B20009599F /* CoreGraphics */,
			);
		};
/* End PBXProject section */

/* Begin PBXResourcesBuildPhase section */
		FF11CBBA1FA7D0B20009599F /* Resources */ = {
			isa = PBXResourcesBuildPhase;
			buildActionMask = 2147483647;
			files = (
				FF11CBCA1FA7D0B20009599F /* LaunchScreen.storyboard in Resources */,
				FF11CBC71FA7D0B20009599F /* Assets.xcassets in Resources */,
				FF11CBC51FA7D0B20009599F /* Main.storyboard in Resources */,
			);
			runOnlyForDeploymentPostprocessing = 0;
		};
/* End PBXResourcesBuildPhase section */

/* Begin PBXSourcesBuildPhase section */
		FF11CBB81FA7D0B20009599F /* Sources */ = {
			isa = PBXSourcesBuildPhase;
			buildActionMask = 2147483647;
			files = (
				FF11CBC21FA7D0B20009599F /* ViewController.swift in Sources */,
				FF11CBC01FA7D0B20009599F /* AppDelegate.swift in Sources */,
			);
			runOnlyForDeploymentPostprocessing = 0;
		};
/* End PBXSourcesBuildPhase section */

/* Begin PBXVariantGroup section */
		FF11CBC31FA7D0B20009599F /* Main.storyboard */ = {
			isa = PBXVariantGroup;
			children = (
				FF11CBC41FA7D0B20009599F /* Base */,
			);
			name = Main.storyboard;
			sourceTree = "<group>";
		};
		FF11CBC81FA7D0B20009599F /* LaunchScreen.storyboard */ = {
			isa = PBXVariantGroup;
			children = (
				FF11CBC91FA7D0B20009599F /* Base */,
			);
			name = LaunchScreen.storyboard;
			sourceTree = "<group>";
		};
/* End PBXVariantGroup section */

/* Begin XCBuildConfiguration section */
		FF11CBCC1FA7D0B20009599F /* Debug */ = {
			isa = XCBuildConfiguration;
			buildSettings = {
				ALWAYS_SEARCH_USER_PATHS = NO;
				CLANG_ANALYZER_NONNULL = YES;
				CLANG_ANALYZER_NUMBER_OBJECT_CONVERSION = YES_AGGRESSIVE;
				CLANG_CXX_LANGUAGE_STANDARD = "gnu++0x";
				CLANG_CXX_LIBRARY = "libc++";
				CLANG_ENABLE_MODULES = YES;
				CLANG_ENABLE_OBJC_ARC = YES;
				CLANG_WARN_BOOL_CONVERSION = YES;
				CLANG_WARN_CONSTANT_CONVERSION = YES;
				CLANG_WARN_DIRECT_OBJC_ISA_USAGE = YES_ERROR;
				CLANG_WARN_DOCUMENTATION_COMMENTS = YES;
				CLANG_WARN_EMPTY_BODY = YES;
				CLANG_WARN_ENUM_CONVERSION = YES;
				CLANG_WARN_INFINITE_RECURSION = YES;
				CLANG_WARN_INT_CONVERSION = YES;
				CLANG_WARN_OBJC_ROOT_CLASS = YES_ERROR;
				CLANG_WARN_SUSPICIOUS_MOVE = YES;
				CLANG_WARN_UNREACHABLE_CODE = YES;
				CLANG_WARN__DUPLICATE_METHOD_MATCH = YES;
				"CODE_SIGN_IDENTITY[sdk=iphoneos*]" = "iPhone Developer";
				COPY_PHASE_STRIP = NO;
				DEBUG_INFORMATION_FORMAT = dwarf;
				ENABLE_STRICT_OBJC_MSGSEND = YES;
				ENABLE_TESTABILITY = YES;
				GCC_C_LANGUAGE_STANDARD = gnu99;
				GCC_DYNAMIC_NO_PIC = NO;
				GCC_NO_COMMON_BLOCKS = YES;
				GCC_OPTIMIZATION_LEVEL = 0;
				GCC_PREPROCESSOR_DEFINITIONS = (
					"DEBUG=1",
					"$(inherited)",
				);
				GCC_WARN_64_TO_32_BIT_CONVERSION = YES;
				GCC_WARN_ABOUT_RETURN_TYPE = YES_ERROR;
				GCC_WARN_UNDECLARED_SELECTOR = YES;
				GCC_WARN_UNINITIALIZED_AUTOS = YES_AGGRESSIVE;
				GCC_WARN_UNUSED_FUNCTION = YES;
				GCC_WARN_UNUSED_VARIABLE = YES;
				IPHONEOS_DEPLOYMENT_TARGET = 10.3;
				MTL_ENABLE_DEBUG_INFO = YES;
				ONLY_ACTIVE_ARCH = YES;
				SDKROOT = iphoneos;
				SWIFT_ACTIVE_COMPILATION_CONDITIONS = DEBUG;
				SWIFT_OPTIMIZATION_LEVEL = "-Onone";
			};
			name = Debug;
		};
		FF11CBCD1FA7D0B20009599F /* Release */ = {
			isa = XCBuildConfiguration;
			buildSettings = {
				ALWAYS_SEARCH_USER_PATHS = NO;
				CLANG_ANALYZER_NONNULL = YES;
				CLANG_ANALYZER_NUMBER_OBJECT_CONVERSION = YES_AGGRESSIVE;
				CLANG_CXX_LANGUAGE_STANDARD = "gnu++0x";
				CLANG_CXX_LIBRARY = "libc++";
				CLANG_ENABLE_MODULES = YES;
				CLANG_ENABLE_OBJC_ARC = YES;
				CLANG_WARN_BOOL_CONVERSION = YES;
				CLANG_WARN_CONSTANT_CONVERSION = YES;
				CLANG_WARN_DIRECT_OBJC_ISA_USAGE = YES_ERROR;
				CLANG_WARN_DOCUMENTATION_COMMENTS = YES;
				CLANG_WARN_EMPTY_BODY = YES;
				CLANG_WARN_ENUM_CONVERSION = YES;
				CLANG_WARN_INFINITE_RECURSION = YES;
				CLANG_WARN_INT_CONVERSION = YES;
				CLANG_WARN_OBJC_ROOT_CLASS = YES_ERROR;
				CLANG_WARN_SUSPICIOUS_MOVE = YES;
				CLANG_WARN_UNREACHABLE_CODE = YES;
				CLANG_WARN__DUPLICATE_METHOD_MATCH = YES;
				"CODE_SIGN_IDENTITY[sdk=iphoneos*]" = "iPhone Developer";
				COPY_PHASE_STRIP = NO;
				DEBUG_INFORMATION_FORMAT = "dwarf-with-dsym";
				ENABLE_NS_ASSERTIONS = NO;
				ENABLE_STRICT_OBJC_MSGSEND = YES;
				GCC_C_LANGUAGE_STANDARD = gnu99;
				GCC_NO_COMMON_BLOCKS = YES;
				GCC_WARN_64_TO_32_BIT_CONVERSION = YES;
				GCC_WARN_ABOUT_RETURN_TYPE = YES_ERROR;
				GCC_WARN_UNDECLARED_SELECTOR = YES;
				GCC_WARN_UNINITIALIZED_AUTOS = YES_AGGRESSIVE;
				GCC_WARN_UNUSED_FUNCTION = YES;
				GCC_WARN_UNUSED_VARIABLE = YES;
				IPHONEOS_DEPLOYMENT_TARGET = 10.3;
				MTL_ENABLE_DEBUG_INFO = NO;
				SDKROOT = iphoneos;
				SWIFT_OPTIMIZATION_LEVEL = "-Owholemodule";
				VALIDATE_PRODUCT = YES;
			};
			name = Release;
		};
		FF11CBCF1FA7D0B20009599F /* Debug */ = {
			isa = XCBuildConfiguration;
			buildSettings = {
				ASSETCATALOG_COMPILER_APPICON_NAME = AppIcon;
				DEVELOPMENT_TEAM = T87YP8R596;
				INFOPLIST_FILE = CoreGraphics/Info.plist;
				LD_RUNPATH_SEARCH_PATHS = "$(inherited) @executable_path/Frameworks";
				PRODUCT_BUNDLE_IDENTIFIER = com.israelmartinez.CoreGraphics;
				PRODUCT_NAME = "$(TARGET_NAME)";
				SWIFT_VERSION = 3.0;
			};
			name = Debug;
		};
		FF11CBD01FA7D0B20009599F /* Release */ = {
			isa = XCBuildConfiguration;
			buildSettings = {
				ASSETCATALOG_COMPILER_APPICON_NAME = AppIcon;
				DEVELOPMENT_TEAM = T87YP8R596;
				INFOPLIST_FILE = CoreGraphics/Info.plist;
				LD_RUNPATH_SEARCH_PATHS = "$(inherited) @executable_path/Frameworks";
				PRODUCT_BUNDLE_IDENTIFIER = com.israelmartinez.CoreGraphics;
				PRODUCT_NAME = "$(TARGET_NAME)";
				SWIFT_VERSION = 3.0;
			};
			name = Release;
		};
/* End XCBuildConfiguration section */

/* Begin XCConfigurationList section */
		FF11CBB71FA7D0B20009599F /* Build configuration list for PBXProject "CoreGraphics" */ = {
			isa = XCConfigurationList;
			buildConfigurations = (
				FF11CBCC1FA7D0B20009599F /* Debug */,
				FF11CBCD1FA7D0B20009599F /* Release */,
			);
			defaultConfigurationIsVisible = 0;
			defaultConfigurationName = Release;
		};
		FF11CBCE1FA7D0B20009599F /* Build configuration list for PBXNativeTarget "CoreGraphics" */ = {
			isa = XCConfigurationList;
			buildConfigurations = (
				FF11CBCF1FA7D0B20009599F /* Debug */,
				FF11CBD01FA7D0B20009599F /* Release */,
			);
			defaultConfigurationIsVisible = 0;
		};
/* End XCConfigurationList section */
	};
	rootObject = FF11CBB41FA7D0B20009599F /* Project object */;
}
