// !$*UTF8*$!
{
	archiveVersion = 1;
	classes = {
	};
	objectVersion = 46;
	objects = {

/* Begin PBXBuildFile section */
		FF414AD91F7EA78500CA341E /* AppDelegate.swift in Sources */ = {isa = PBXBuildFile; fileRef = FF414AD81F7EA78500CA341E /* AppDelegate.swift */; };
		FF414ADB1F7EA78500CA341E /* ViewController.swift in Sources */ = {isa = PBXBuildFile; fileRef = FF414ADA1F7EA78500CA341E /* ViewController.swift */; };
		FF414ADE1F7EA78500CA341E /* Main.storyboard in Resources */ = {isa = PBXBuildFile; fileRef = FF414ADC1F7EA78500CA341E /* Main.storyboard */; };
		FF414AE01F7EA78500CA341E /* Assets.xcassets in Resources */ = {isa = PBXBuildFile; fileRef = FF414ADF1F7EA78500CA341E /* Assets.xcassets */; };
		FF414AE31F7EA78500CA341E /* LaunchScreen.storyboard in Resources */ = {isa = PBXBuildFile; fileRef = FF414AE11F7EA78500CA341E /* LaunchScreen.storyboard */; };
/* End PBXBuildFile section */

/* Begin PBXFileReference section */
		FF414AD51F7EA78500CA341E /* promCom.app */ = {isa = PBXFileReference; explicitFileType = wrapper.application; includeInIndex = 0; path = promCom.app; sourceTree = BUILT_PRODUCTS_DIR; };
		FF414AD81F7EA78500CA341E /* AppDelegate.swift */ = {isa = PBXFileReference; lastKnownFileType = sourcecode.swift; path = AppDelegate.swift; sourceTree = "<group>"; };
		FF414ADA1F7EA78500CA341E /* ViewController.swift */ = {isa = PBXFileReference; lastKnownFileType = sourcecode.swift; path = ViewController.swift; sourceTree = "<group>"; };
		FF414ADD1F7EA78500CA341E /* Base */ = {isa = PBXFileReference; lastKnownFileType = file.storyboard; name = Base; path = Base.lproj/Main.storyboard; sourceTree = "<group>"; };
		FF414ADF1F7EA78500CA341E /* Assets.xcassets */ = {isa = PBXFileReference; lastKnownFileType = folder.assetcatalog; path = Assets.xcassets; sourceTree = "<group>"; };
		FF414AE21F7EA78500CA341E /* Base */ = {isa = PBXFileReference; lastKnownFileType = file.storyboard; name = Base; path = Base.lproj/LaunchScreen.storyboard; sourceTree = "<group>"; };
		FF414AE41F7EA78500CA341E /* Info.plist */ = {isa = PBXFileReference; lastKnownFileType = text.plist.xml; path = Info.plist; sourceTree = "<group>"; };
/* End PBXFileReference section */

/* Begin PBXFrameworksBuildPhase section */
		FF414AD21F7EA78500CA341E /* Frameworks */ = {
			isa = PBXFrameworksBuildPhase;
			buildActionMask = 2147483647;
			files = (
			);
			runOnlyForDeploymentPostprocessing = 0;
		};
/* End PBXFrameworksBuildPhase section */

/* Begin PBXGroup section */
		FF414ACC1F7EA78500CA341E = {
			isa = PBXGroup;
			children = (
				FF414AD71F7EA78500CA341E /* promCom */,
				FF414AD61F7EA78500CA341E /* Products */,
			);
			sourceTree = "<group>";
		};
		FF414AD61F7EA78500CA341E /* Products */ = {
			isa = PBXGroup;
			children = (
				FF414AD51F7EA78500CA341E /* promCom.app */,
			);
			name = Products;
			sourceTree = "<group>";
		};
		FF414AD71F7EA78500CA341E /* promCom */ = {
			isa = PBXGroup;
			children = (
				FF414AD81F7EA78500CA341E /* AppDelegate.swift */,
				FF414ADA1F7EA78500CA341E /* ViewController.swift */,
				FF414ADC1F7EA78500CA341E /* Main.storyboard */,
				FF414ADF1F7EA78500CA341E /* Assets.xcassets */,
				FF414AE11F7EA78500CA341E /* LaunchScreen.storyboard */,
				FF414AE41F7EA78500CA341E /* Info.plist */,
			);
			path = promCom;
			sourceTree = "<group>";
		};
/* End PBXGroup section */

/* Begin PBXNativeTarget section */
		FF414AD41F7EA78500CA341E /* promCom */ = {
			isa = PBXNativeTarget;
			buildConfigurationList = FF414AE71F7EA78500CA341E /* Build configuration list for PBXNativeTarget "promCom" */;
			buildPhases = (
				FF414AD11F7EA78500CA341E /* Sources */,
				FF414AD21F7EA78500CA341E /* Frameworks */,
				FF414AD31F7EA78500CA341E /* Resources */,
			);
			buildRules = (
			);
			dependencies = (
			);
			name = promCom;
			productName = promCom;
			productReference = FF414AD51F7EA78500CA341E /* promCom.app */;
			productType = "com.apple.product-type.application";
		};
/* End PBXNativeTarget section */

/* Begin PBXProject section */
		FF414ACD1F7EA78500CA341E /* Project object */ = {
			isa = PBXProject;
			attributes = {
				LastSwiftUpdateCheck = 0830;
				LastUpgradeCheck = 0830;
				ORGANIZATIONNAME = "Israel Martinez";
				TargetAttributes = {
					FF414AD41F7EA78500CA341E = {
						CreatedOnToolsVersion = 8.3.3;
						DevelopmentTeam = T87YP8R596;
						ProvisioningStyle = Automatic;
					};
				};
			};
			buildConfigurationList = FF414AD01F7EA78500CA341E /* Build configuration list for PBXProject "promCom" */;
			compatibilityVersion = "Xcode 3.2";
			developmentRegion = English;
			hasScannedForEncodings = 0;
			knownRegions = (
				en,
				Base,
			);
			mainGroup = FF414ACC1F7EA78500CA341E;
			productRefGroup = FF414AD61F7EA78500CA341E /* Products */;
			projectDirPath = "";
			projectRoot = "";
			targets = (
				FF414AD41F7EA78500CA341E /* promCom */,
			);
		};
/* End PBXProject section */

/* Begin PBXResourcesBuildPhase section */
		FF414AD31F7EA78500CA341E /* Resources */ = {
			isa = PBXResourcesBuildPhase;
			buildActionMask = 2147483647;
			files = (
				FF414AE31F7EA78500CA341E /* LaunchScreen.storyboard in Resources */,
				FF414AE01F7EA78500CA341E /* Assets.xcassets in Resources */,
				FF414ADE1F7EA78500CA341E /* Main.storyboard in Resources */,
			);
			runOnlyForDeploymentPostprocessing = 0;
		};
/* End PBXResourcesBuildPhase section */

/* Begin PBXSourcesBuildPhase section */
		FF414AD11F7EA78500CA341E /* Sources */ = {
			isa = PBXSourcesBuildPhase;
			buildActionMask = 2147483647;
			files = (
				FF414ADB1F7EA78500CA341E /* ViewController.swift in Sources */,
				FF414AD91F7EA78500CA341E /* AppDelegate.swift in Sources */,
			);
			runOnlyForDeploymentPostprocessing = 0;
		};
/* End PBXSourcesBuildPhase section */

/* Begin PBXVariantGroup section */
		FF414ADC1F7EA78500CA341E /* Main.storyboard */ = {
			isa = PBXVariantGroup;
			children = (
				FF414ADD1F7EA78500CA341E /* Base */,
			);
			name = Main.storyboard;
			sourceTree = "<group>";
		};
		FF414AE11F7EA78500CA341E /* LaunchScreen.storyboard */ = {
			isa = PBXVariantGroup;
			children = (
				FF414AE21F7EA78500CA341E /* Base */,
			);
			name = LaunchScreen.storyboard;
			sourceTree = "<group>";
		};
/* End PBXVariantGroup section */

/* Begin XCBuildConfiguration section */
		FF414AE51F7EA78500CA341E /* Debug */ = {
			isa = XCBuildConfiguration;
			buildSettings = {
				ALWAYS_SEARCH_USER_PATHS = NO;
				CLANG_ANALYZER_NONNULL = YES;
				CLANG_ANALYZER_NUMBER_OBJECT_CONVERSION = YES_AGGRESSIVE;
				CLANG_CXX_LANGUAGE_STANDARD = "gnu++0x";
				CLANG_CXX_LIBRARY = "libc++";
				CLANG_ENABLE_MODULES = YES;
				CLANG_ENABLE_OBJC_ARC = YES;
				CLANG_WARN_BOOL_CONVERSION = YES;
				CLANG_WARN_CONSTANT_CONVERSION = YES;
				CLANG_WARN_DIRECT_OBJC_ISA_USAGE = YES_ERROR;
				CLANG_WARN_DOCUMENTATION_COMMENTS = YES;
				CLANG_WARN_EMPTY_BODY = YES;
				CLANG_WARN_ENUM_CONVERSION = YES;
				CLANG_WARN_INFINITE_RECURSION = YES;
				CLANG_WARN_INT_CONVERSION = YES;
				CLANG_WARN_OBJC_ROOT_CLASS = YES_ERROR;
				CLANG_WARN_SUSPICIOUS_MOVE = YES;
				CLANG_WARN_UNREACHABLE_CODE = YES;
				CLANG_WARN__DUPLICATE_METHOD_MATCH = YES;
				"CODE_SIGN_IDENTITY[sdk=iphoneos*]" = "iPhone Developer";
				COPY_PHASE_STRIP = NO;
				DEBUG_INFORMATION_FORMAT = dwarf;
				ENABLE_STRICT_OBJC_MSGSEND = YES;
				ENABLE_TESTABILITY = YES;
				GCC_C_LANGUAGE_STANDARD = gnu99;
				GCC_DYNAMIC_NO_PIC = NO;
				GCC_NO_COMMON_BLOCKS = YES;
				GCC_OPTIMIZATION_LEVEL = 0;
				GCC_PREPROCESSOR_DEFINITIONS = (
					"DEBUG=1",
					"$(inherited)",
				);
				GCC_WARN_64_TO_32_BIT_CONVERSION = YES;
				GCC_WARN_ABOUT_RETURN_TYPE = YES_ERROR;
				GCC_WARN_UNDECLARED_SELECTOR = YES;
				GCC_WARN_UNINITIALIZED_AUTOS = YES_AGGRESSIVE;
				GCC_WARN_UNUSED_FUNCTION = YES;
				GCC_WARN_UNUSED_VARIABLE = YES;
				IPHONEOS_DEPLOYMENT_TARGET = 10.3;
				MTL_ENABLE_DEBUG_INFO = YES;
				ONLY_ACTIVE_ARCH = YES;
				SDKROOT = iphoneos;
				SWIFT_ACTIVE_COMPILATION_CONDITIONS = DEBUG;
				SWIFT_OPTIMIZATION_LEVEL = "-Onone";
			};
			name = Debug;
		};
		FF414AE61F7EA78500CA341E /* Release */ = {
			isa = XCBuildConfiguration;
			buildSettings = {
				ALWAYS_SEARCH_USER_PATHS = NO;
				CLANG_ANALYZER_NONNULL = YES;
				CLANG_ANALYZER_NUMBER_OBJECT_CONVERSION = YES_AGGRESSIVE;
				CLANG_CXX_LANGUAGE_STANDARD = "gnu++0x";
				CLANG_CXX_LIBRARY = "libc++";
				CLANG_ENABLE_MODULES = YES;
				CLANG_ENABLE_OBJC_ARC = YES;
				CLANG_WARN_BOOL_CONVERSION = YES;
				CLANG_WARN_CONSTANT_CONVERSION = YES;
				CLANG_WARN_DIRECT_OBJC_ISA_USAGE = YES_ERROR;
				CLANG_WARN_DOCUMENTATION_COMMENTS = YES;
				CLANG_WARN_EMPTY_BODY = YES;
				CLANG_WARN_ENUM_CONVERSION = YES;
				CLANG_WARN_INFINITE_RECURSION = YES;
				CLANG_WARN_INT_CONVERSION = YES;
				CLANG_WARN_OBJC_ROOT_CLASS = YES_ERROR;
				CLANG_WARN_SUSPICIOUS_MOVE = YES;
				CLANG_WARN_UNREACHABLE_CODE = YES;
				CLANG_WARN__DUPLICATE_METHOD_MATCH = YES;
				"CODE_SIGN_IDENTITY[sdk=iphoneos*]" = "iPhone Developer";
				COPY_PHASE_STRIP = NO;
				DEBUG_INFORMATION_FORMAT = "dwarf-with-dsym";
				ENABLE_NS_ASSERTIONS = NO;
				ENABLE_STRICT_OBJC_MSGSEND = YES;
				GCC_C_LANGUAGE_STANDARD = gnu99;
				GCC_NO_COMMON_BLOCKS = YES;
				GCC_WARN_64_TO_32_BIT_CONVERSION = YES;
				GCC_WARN_ABOUT_RETURN_TYPE = YES_ERROR;
				GCC_WARN_UNDECLARED_SELECTOR = YES;
				GCC_WARN_UNINITIALIZED_AUTOS = YES_AGGRESSIVE;
				GCC_WARN_UNUSED_FUNCTION = YES;
				GCC_WARN_UNUSED_VARIABLE = YES;
				IPHONEOS_DEPLOYMENT_TARGET = 10.3;
				MTL_ENABLE_DEBUG_INFO = NO;
				SDKROOT = iphoneos;
				SWIFT_OPTIMIZATION_LEVEL = "-Owholemodule";
				VALIDATE_PRODUCT = YES;
			};
			name = Release;
		};
		FF414AE81F7EA78500CA341E /* Debug */ = {
			isa = XCBuildConfiguration;
			buildSettings = {
				ASSETCATALOG_COMPILER_APPICON_NAME = AppIcon;
				DEVELOPMENT_TEAM = T87YP8R596;
				INFOPLIST_FILE = promCom/Info.plist;
				LD_RUNPATH_SEARCH_PATHS = "$(inherited) @executable_path/Frameworks";
				PRODUCT_BUNDLE_IDENTIFIER = com.israelmartinez.promCom;
				PRODUCT_NAME = "$(TARGET_NAME)";
				SWIFT_VERSION = 3.0;
			};
			name = Debug;
		};
		FF414AE91F7EA78500CA341E /* Release */ = {
			isa = XCBuildConfiguration;
			buildSettings = {
				ASSETCATALOG_COMPILER_APPICON_NAME = AppIcon;
				DEVELOPMENT_TEAM = T87YP8R596;
				INFOPLIST_FILE = promCom/Info.plist;
				LD_RUNPATH_SEARCH_PATHS = "$(inherited) @executable_path/Frameworks";
				PRODUCT_BUNDLE_IDENTIFIER = com.israelmartinez.promCom;
				PRODUCT_NAME = "$(TARGET_NAME)";
				SWIFT_VERSION = 3.0;
			};
			name = Release;
		};
/* End XCBuildConfiguration section */

/* Begin XCConfigurationList section */
		FF414AD01F7EA78500CA341E /* Build configuration list for PBXProject "promCom" */ = {
			isa = XCConfigurationList;
			buildConfigurations = (
				FF414AE51F7EA78500CA341E /* Debug */,
				FF414AE61F7EA78500CA341E /* Release */,
			);
			defaultConfigurationIsVisible = 0;
			defaultConfigurationName = Release;
		};
		FF414AE71F7EA78500CA341E /* Build configuration list for PBXNativeTarget "promCom" */ = {
			isa = XCConfigurationList;
			buildConfigurations = (
				FF414AE81F7EA78500CA341E /* Debug */,
				FF414AE91F7EA78500CA341E /* Release */,
			);
			defaultConfigurationIsVisible = 0;
		};
/* End XCConfigurationList section */
	};
	rootObject = FF414ACD1F7EA78500CA341E /* Project object */;
}
