// !$*UTF8*$!
{
	archiveVersion = 1;
	classes = {
	};
	objectVersion = 46;
	objects = {

/* Begin PBXBuildFile section */
		FF43FDCC200C5C6C00B2B250 /* AppDelegate.swift in Sources */ = {isa = PBXBuildFile; fileRef = FF43FDCB200C5C6C00B2B250 /* AppDelegate.swift */; };
		FF43FDCE200C5C6C00B2B250 /* ViewController.swift in Sources */ = {isa = PBXBuildFile; fileRef = FF43FDCD200C5C6C00B2B250 /* ViewController.swift */; };
		FF43FDD1200C5C6C00B2B250 /* Main.storyboard in Resources */ = {isa = PBXBuildFile; fileRef = FF43FDCF200C5C6C00B2B250 /* Main.storyboard */; };
		FF43FDD3200C5C6C00B2B250 /* Assets.xcassets in Resources */ = {isa = PBXBuildFile; fileRef = FF43FDD2200C5C6C00B2B250 /* Assets.xcassets */; };
		FF43FDD6200C5C6C00B2B250 /* LaunchScreen.storyboard in Resources */ = {isa = PBXBuildFile; fileRef = FF43FDD4200C5C6C00B2B250 /* LaunchScreen.storyboard */; };
/* End PBXBuildFile section */

/* Begin PBXFileReference section */
		FF43FDC8200C5C6C00B2B250 /* FirstApp.app */ = {isa = PBXFileReference; explicitFileType = wrapper.application; includeInIndex = 0; path = FirstApp.app; sourceTree = BUILT_PRODUCTS_DIR; };
		FF43FDCB200C5C6C00B2B250 /* AppDelegate.swift */ = {isa = PBXFileReference; lastKnownFileType = sourcecode.swift; path = AppDelegate.swift; sourceTree = "<group>"; };
		FF43FDCD200C5C6C00B2B250 /* ViewController.swift */ = {isa = PBXFileReference; lastKnownFileType = sourcecode.swift; path = ViewController.swift; sourceTree = "<group>"; };
		FF43FDD0200C5C6C00B2B250 /* Base */ = {isa = PBXFileReference; lastKnownFileType = file.storyboard; name = Base; path = Base.lproj/Main.storyboard; sourceTree = "<group>"; };
		FF43FDD2200C5C6C00B2B250 /* Assets.xcassets */ = {isa = PBXFileReference; lastKnownFileType = folder.assetcatalog; path = Assets.xcassets; sourceTree = "<group>"; };
		FF43FDD5200C5C6C00B2B250 /* Base */ = {isa = PBXFileReference; lastKnownFileType = file.storyboard; name = Base; path = Base.lproj/LaunchScreen.storyboard; sourceTree = "<group>"; };
		FF43FDD7200C5C6C00B2B250 /* Info.plist */ = {isa = PBXFileReference; lastKnownFileType = text.plist.xml; path = Info.plist; sourceTree = "<group>"; };
/* End PBXFileReference section */

/* Begin PBXFrameworksBuildPhase section */
		FF43FDC5200C5C6C00B2B250 /* Frameworks */ = {
			isa = PBXFrameworksBuildPhase;
			buildActionMask = 2147483647;
			files = (
			);
			runOnlyForDeploymentPostprocessing = 0;
		};
/* End PBXFrameworksBuildPhase section */

/* Begin PBXGroup section */
		FF43FDBF200C5C6C00B2B250 = {
			isa = PBXGroup;
			children = (
				FF43FDCA200C5C6C00B2B250 /* FirstName */,
				FF43FDC9200C5C6C00B2B250 /* Products */,
			);
			sourceTree = "<group>";
		};
		FF43FDC9200C5C6C00B2B250 /* Products */ = {
			isa = PBXGroup;
			children = (
				FF43FDC8200C5C6C00B2B250 /* FirstApp.app */,
			);
			name = Products;
			sourceTree = "<group>";
		};
		FF43FDCA200C5C6C00B2B250 /* FirstName */ = {
			isa = PBXGroup;
			children = (
				FF43FDCB200C5C6C00B2B250 /* AppDelegate.swift */,
				FF43FDCD200C5C6C00B2B250 /* ViewController.swift */,
				FF43FDCF200C5C6C00B2B250 /* Main.storyboard */,
				FF43FDD2200C5C6C00B2B250 /* Assets.xcassets */,
				FF43FDD4200C5C6C00B2B250 /* LaunchScreen.storyboard */,
				FF43FDD7200C5C6C00B2B250 /* Info.plist */,
			);
			path = FirstName;
			sourceTree = "<group>";
		};
/* End PBXGroup section */

/* Begin PBXNativeTarget section */
		FF43FDC7200C5C6C00B2B250 /* FirstApp */ = {
			isa = PBXNativeTarget;
			buildConfigurationList = FF43FDDA200C5C6C00B2B250 /* Build configuration list for PBXNativeTarget "FirstApp" */;
			buildPhases = (
				FF43FDC4200C5C6C00B2B250 /* Sources */,
				FF43FDC5200C5C6C00B2B250 /* Frameworks */,
				FF43FDC6200C5C6C00B2B250 /* Resources */,
			);
			buildRules = (
			);
			dependencies = (
			);
			name = FirstApp;
			productName = FirstName;
			productReference = FF43FDC8200C5C6C00B2B250 /* FirstApp.app */;
			productType = "com.apple.product-type.application";
		};
/* End PBXNativeTarget section */

/* Begin PBXProject section */
		FF43FDC0200C5C6C00B2B250 /* Project object */ = {
			isa = PBXProject;
			attributes = {
				LastSwiftUpdateCheck = 0830;
				LastUpgradeCheck = 0830;
				ORGANIZATIONNAME = "Israel Martinez";
				TargetAttributes = {
					FF43FDC7200C5C6C00B2B250 = {
						CreatedOnToolsVersion = 8.3.3;
						DevelopmentTeam = T87YP8R596;
						ProvisioningStyle = Automatic;
					};
				};
			};
			buildConfigurationList = FF43FDC3200C5C6C00B2B250 /* Build configuration list for PBXProject "FirstApp" */;
			compatibilityVersion = "Xcode 3.2";
			developmentRegion = English;
			hasScannedForEncodings = 0;
			knownRegions = (
				en,
				Base,
			);
			mainGroup = FF43FDBF200C5C6C00B2B250;
			productRefGroup = FF43FDC9200C5C6C00B2B250 /* Products */;
			projectDirPath = "";
			projectRoot = "";
			targets = (
				FF43FDC7200C5C6C00B2B250 /* FirstApp */,
			);
		};
/* End PBXProject section */

/* Begin PBXResourcesBuildPhase section */
		FF43FDC6200C5C6C00B2B250 /* Resources */ = {
			isa = PBXResourcesBuildPhase;
			buildActionMask = 2147483647;
			files = (
				FF43FDD6200C5C6C00B2B250 /* LaunchScreen.storyboard in Resources */,
				FF43FDD3200C5C6C00B2B250 /* Assets.xcassets in Resources */,
				FF43FDD1200C5C6C00B2B250 /* Main.storyboard in Resources */,
			);
			runOnlyForDeploymentPostprocessing = 0;
		};
/* End PBXResourcesBuildPhase section */

/* Begin PBXSourcesBuildPhase section */
		FF43FDC4200C5C6C00B2B250 /* Sources */ = {
			isa = PBXSourcesBuildPhase;
			buildActionMask = 2147483647;
			files = (
				FF43FDCE200C5C6C00B2B250 /* ViewController.swift in Sources */,
				FF43FDCC200C5C6C00B2B250 /* AppDelegate.swift in Sources */,
			);
			runOnlyForDeploymentPostprocessing = 0;
		};
/* End PBXSourcesBuildPhase section */

/* Begin PBXVariantGroup section */
		FF43FDCF200C5C6C00B2B250 /* Main.storyboard */ = {
			isa = PBXVariantGroup;
			children = (
				FF43FDD0200C5C6C00B2B250 /* Base */,
			);
			name = Main.storyboard;
			sourceTree = "<group>";
		};
		FF43FDD4200C5C6C00B2B250 /* LaunchScreen.storyboard */ = {
			isa = PBXVariantGroup;
			children = (
				FF43FDD5200C5C6C00B2B250 /* Base */,
			);
			name = LaunchScreen.storyboard;
			sourceTree = "<group>";
		};
/* End PBXVariantGroup section */

/* Begin XCBuildConfiguration section */
		FF43FDD8200C5C6C00B2B250 /* Debug */ = {
			isa = XCBuildConfiguration;
			buildSettings = {
				ALWAYS_SEARCH_USER_PATHS = NO;
				CLANG_ANALYZER_NONNULL = YES;
				CLANG_ANALYZER_NUMBER_OBJECT_CONVERSION = YES_AGGRESSIVE;
				CLANG_CXX_LANGUAGE_STANDARD = "gnu++0x";
				CLANG_CXX_LIBRARY = "libc++";
				CLANG_ENABLE_MODULES = YES;
				CLANG_ENABLE_OBJC_ARC = YES;
				CLANG_WARN_BOOL_CONVERSION = YES;
				CLANG_WARN_CONSTANT_CONVERSION = YES;
				CLANG_WARN_DIRECT_OBJC_ISA_USAGE = YES_ERROR;
				CLANG_WARN_DOCUMENTATION_COMMENTS = YES;
				CLANG_WARN_EMPTY_BODY = YES;
				CLANG_WARN_ENUM_CONVERSION = YES;
				CLANG_WARN_INFINITE_RECURSION = YES;
				CLANG_WARN_INT_CONVERSION = YES;
				CLANG_WARN_OBJC_ROOT_CLASS = YES_ERROR;
				CLANG_WARN_SUSPICIOUS_MOVE = YES;
				CLANG_WARN_UNREACHABLE_CODE = YES;
				CLANG_WARN__DUPLICATE_METHOD_MATCH = YES;
				"CODE_SIGN_IDENTITY[sdk=iphoneos*]" = "iPhone Developer";
				COPY_PHASE_STRIP = NO;
				DEBUG_INFORMATION_FORMAT = dwarf;
				ENABLE_STRICT_OBJC_MSGSEND = YES;
				ENABLE_TESTABILITY = YES;
				GCC_C_LANGUAGE_STANDARD = gnu99;
				GCC_DYNAMIC_NO_PIC = NO;
				GCC_NO_COMMON_BLOCKS = YES;
				GCC_OPTIMIZATION_LEVEL = 0;
				GCC_PREPROCESSOR_DEFINITIONS = (
					"DEBUG=1",
					"$(inherited)",
				);
				GCC_WARN_64_TO_32_BIT_CONVERSION = YES;
				GCC_WARN_ABOUT_RETURN_TYPE = YES_ERROR;
				GCC_WARN_UNDECLARED_SELECTOR = YES;
				GCC_WARN_UNINITIALIZED_AUTOS = YES_AGGRESSIVE;
				GCC_WARN_UNUSED_FUNCTION = YES;
				GCC_WARN_UNUSED_VARIABLE = YES;
				IPHONEOS_DEPLOYMENT_TARGET = 10.3;
				MTL_ENABLE_DEBUG_INFO = YES;
				ONLY_ACTIVE_ARCH = YES;
				SDKROOT = iphoneos;
				SWIFT_ACTIVE_COMPILATION_CONDITIONS = DEBUG;
				SWIFT_OPTIMIZATION_LEVEL = "-Onone";
			};
			name = Debug;
		};
		FF43FDD9200C5C6C00B2B250 /* Release */ = {
			isa = XCBuildConfiguration;
			buildSettings = {
				ALWAYS_SEARCH_USER_PATHS = NO;
				CLANG_ANALYZER_NONNULL = YES;
				CLANG_ANALYZER_NUMBER_OBJECT_CONVERSION = YES_AGGRESSIVE;
				CLANG_CXX_LANGUAGE_STANDARD = "gnu++0x";
				CLANG_CXX_LIBRARY = "libc++";
				CLANG_ENABLE_MODULES = YES;
				CLANG_ENABLE_OBJC_ARC = YES;
				CLANG_WARN_BOOL_CONVERSION = YES;
				CLANG_WARN_CONSTANT_CONVERSION = YES;
				CLANG_WARN_DIRECT_OBJC_ISA_USAGE = YES_ERROR;
				CLANG_WARN_DOCUMENTATION_COMMENTS = YES;
				CLANG_WARN_EMPTY_BODY = YES;
				CLANG_WARN_ENUM_CONVERSION = YES;
				CLANG_WARN_INFINITE_RECURSION = YES;
				CLANG_WARN_INT_CONVERSION = YES;
				CLANG_WARN_OBJC_ROOT_CLASS = YES_ERROR;
				CLANG_WARN_SUSPICIOUS_MOVE = YES;
				CLANG_WARN_UNREACHABLE_CODE = YES;
				CLANG_WARN__DUPLICATE_METHOD_MATCH = YES;
				"CODE_SIGN_IDENTITY[sdk=iphoneos*]" = "iPhone Developer";
				COPY_PHASE_STRIP = NO;
				DEBUG_INFORMATION_FORMAT = "dwarf-with-dsym";
				ENABLE_NS_ASSERTIONS = NO;
				ENABLE_STRICT_OBJC_MSGSEND = YES;
				GCC_C_LANGUAGE_STANDARD = gnu99;
				GCC_NO_COMMON_BLOCKS = YES;
				GCC_WARN_64_TO_32_BIT_CONVERSION = YES;
				GCC_WARN_ABOUT_RETURN_TYPE = YES_ERROR;
				GCC_WARN_UNDECLARED_SELECTOR = YES;
				GCC_WARN_UNINITIALIZED_AUTOS = YES_AGGRESSIVE;
				GCC_WARN_UNUSED_FUNCTION = YES;
				GCC_WARN_UNUSED_VARIABLE = YES;
				IPHONEOS_DEPLOYMENT_TARGET = 10.3;
				MTL_ENABLE_DEBUG_INFO = NO;
				SDKROOT = iphoneos;
				SWIFT_OPTIMIZATION_LEVEL = "-Owholemodule";
				VALIDATE_PRODUCT = YES;
			};
			name = Release;
		};
		FF43FDDB200C5C6C00B2B250 /* Debug */ = {
			isa = XCBuildConfiguration;
			buildSettings = {
				ASSETCATALOG_COMPILER_APPICON_NAME = AppIcon;
				DEVELOPMENT_TEAM = T87YP8R596;
				INFOPLIST_FILE = FirstName/Info.plist;
				LD_RUNPATH_SEARCH_PATHS = "$(inherited) @executable_path/Frameworks";
				PRODUCT_BUNDLE_IDENTIFIER = com.israelmartinez.FirstName;
				PRODUCT_NAME = "$(TARGET_NAME)";
				SWIFT_VERSION = 3.0;
			};
			name = Debug;
		};
		FF43FDDC200C5C6C00B2B250 /* Release */ = {
			isa = XCBuildConfiguration;
			buildSettings = {
				ASSETCATALOG_COMPILER_APPICON_NAME = AppIcon;
				DEVELOPMENT_TEAM = T87YP8R596;
				INFOPLIST_FILE = FirstName/Info.plist;
				LD_RUNPATH_SEARCH_PATHS = "$(inherited) @executable_path/Frameworks";
				PRODUCT_BUNDLE_IDENTIFIER = com.israelmartinez.FirstName;
				PRODUCT_NAME = "$(TARGET_NAME)";
				SWIFT_VERSION = 3.0;
			};
			name = Release;
		};
/* End XCBuildConfiguration section */

/* Begin XCConfigurationList section */
		FF43FDC3200C5C6C00B2B250 /* Build configuration list for PBXProject "FirstApp" */ = {
			isa = XCConfigurationList;
			buildConfigurations = (
				FF43FDD8200C5C6C00B2B250 /* Debug */,
				FF43FDD9200C5C6C00B2B250 /* Release */,
			);
			defaultConfigurationIsVisible = 0;
			defaultConfigurationName = Release;
		};
		FF43FDDA200C5C6C00B2B250 /* Build configuration list for PBXNativeTarget "FirstApp" */ = {
			isa = XCConfigurationList;
			buildConfigurations = (
				FF43FDDB200C5C6C00B2B250 /* Debug */,
				FF43FDDC200C5C6C00B2B250 /* Release */,
			);
			defaultConfigurationIsVisible = 0;
		};
/* End XCConfigurationList section */
	};
	rootObject = FF43FDC0200C5C6C00B2B250 /* Project object */;
}
